
Microsoft Visual Studio Solution File, Format Version 12.00
# Visual Studio Version 16
VisualStudioVersion = 16.0.29609.76
MinimumVisualStudioVersion = 10.0.40219.1
Project("{9A19103F-16F7-4668-BE54-9A1E7A4F7556}") = "Chatter", "Chatter\Chatter.csproj", "{77E20C40-965F-47E4-8B97-B34DC49FCA29}"
EndProject
Project("{9A19103F-16F7-4668-BE54-9A1E7A4F7556}") = "ChatterConsole", "ChatterConsole\ChatterConsole.csproj", "{19AA6566-02D8-47CF-B4B7-598EDA9B93E5}"
EndProject
Global
	GlobalSection(SolutionConfigurationPlatforms) = preSolution
		Debug|Any CPU = Debug|Any CPU
		Release|Any CPU = Release|Any CPU
	EndGlobalSection
	GlobalSection(ProjectConfigurationPlatforms) = postSolution
		{77E20C40-965F-47E4-8B97-B34DC49FCA29}.Debug|Any CPU.ActiveCfg = Debug|Any CPU
		{77E20C40-965F-47E4-8B97-B34DC49FCA29}.Debug|Any CPU.Build.0 = Debug|Any CPU
		{77E20C40-965F-47E4-8B97-B34DC49FCA29}.Release|Any CPU.ActiveCfg = Release|Any CPU
		{77E20C40-965F-47E4-8B97-B34DC49FCA29}.Release|Any CPU.Build.0 = Release|Any CPU
		{19AA6566-02D8-47CF-B4B7-598EDA9B93E5}.Debug|Any CPU.ActiveCfg = Debug|Any CPU
		{19AA6566-02D8-47CF-B4B7-598EDA9B93E5}.Debug|Any CPU.Build.0 = Debug|Any CPU
		{19AA6566-02D8-47CF-B4B7-598EDA9B93E5}.Release|Any CPU.ActiveCfg = Release|Any CPU
		{19AA6566-02D8-47CF-B4B7-598EDA9B93E5}.Release|Any CPU.Build.0 = Release|Any CPU
	EndGlobalSection
	GlobalSection(SolutionProperties) = preSolution
		HideSolutionNode = FALSE
	EndGlobalSection
	GlobalSection(ExtensibilityGlobals) = postSolution
		SolutionGuid = {B279D0DE-3028-4758-94E3-4642E1A292AC}
	EndGlobalSection
EndGlobal
